lockfileVersion: '6.0'

settings:
  autoInstallPeers: true
  excludeLinksFromLockfile: false

importers:

  .:
    devDependencies:
      turbo:
        specifier: 1.10.4
        version: 1.10.4

packages:

  /turbo-darwin-64@1.10.4:
    resolution: {integrity: sha512-oAILq0QZUvOxYZU71SXRsL7DFpqZutPl9CX7+rD48tReHrmhcm3HMeuAFY0S5FD/9fKub04UfAQwVtJSlhvISg==}
    cpu: [x64]
    os: [darwin]
    requiresBuild: true
    dev: true
    optional: true

  /turbo-darwin-arm64@1.10.4:
    resolution: {integrity: sha512-N0XPFLXsZRLE6gKDa5MREpPQp0drOz9PrADaaMXTlspxWS/tmmxyH+ZQ/uGqKC/0mqsNIhZuSFsEVZe1PGaqxw==}
    cpu: [arm64]
    os: [darwin]
    requiresBuild: true
    dev: true
    optional: true

  /turbo-linux-64@1.10.4:
    resolution: {integrity: sha512-S8ZVNCPnrBU+GMKKUWcgg4MaTOdL1reOU1XQtDiHfEPskXjLE+10vr65xJJQb6CqO8ARFXUlFSAUfxZRX6WVNA==}
    cpu: [x64]
    os: [linux]
    requiresBuild: true
    dev: true
    optional: true

  /turbo-linux-arm64@1.10.4:
    resolution: {integrity: sha512-/C6vpo7kd2ae6dR0iZyRuvfjijuixidhwLzV026A+/1gmAMRXYkslBfgOGfoOquHmvqjCeDVTsMWwCY2NRQqtw==}
    cpu: [arm64]
    os: [linux]
    requiresBuild: true
    dev: true
    optional: true

  /turbo-windows-64@1.10.4:
    resolution: {integrity: sha512-fh6X/fJl9gNTu3r7zMmwCychxMlpQMFn32bpioPNIBxrTHCbQYeGSQuw2XWa/RswgNzCY3Xo34emYAKu9btrsw==}
    cpu: [x64]
    os: [win32]
    requiresBuild: true
    dev: true
    optional: true

  /turbo-windows-arm64@1.10.4:
    resolution: {integrity: sha512-KzcKGl+bjwaSkxMNTutuoIM+xPuTBA13zJiC2vFM7fQ6XYM0/ZmUekfoxpMnWgSav8vlTk5tRYaPniLcVzLnTQ==}
    cpu: [arm64]
    os: [win32]
    requiresBuild: true
    dev: true
    optional: true

  /turbo@1.10.4:
    resolution: {integrity: sha512-EVBt762wVGyZAXtp1UWQptRG2N/9TThUJ1tRawvt/pmB62VmdzgDuz80SQYXK5U5yKEID6OJdqAzq8HnIQVA6g==}
    hasBin: true
    requiresBuild: true
    optionalDependencies:
      turbo-darwin-64: 1.10.4
      turbo-darwin-arm64: 1.10.4
      turbo-linux-64: 1.10.4
      turbo-linux-arm64: 1.10.4
      turbo-windows-64: 1.10.4
      turbo-windows-arm64: 1.10.4
    dev: true
