lockfileVersion: '6.0'

settings:
  autoInstallPeers: true
  excludeLinksFromLockfile: false

importers:

  .:
    devDependencies:
      prettier:
        specifier: 2.8.8
        version: 2.8.8
      prettier-plugin-svelte:
        specifier: 2.10.1
        version: 2.10.1(prettier@2.8.8)(svelte@3.59.2)
      prettier-plugin-tailwindcss:
        specifier: 0.3.0
        version: 0.3.0(prettier-plugin-svelte@2.10.1)(prettier@2.8.8)
      turbo:
        specifier: 1.10.4
        version: 1.10.4

packages:

  /prettier-plugin-svelte@2.10.1(prettier@2.8.8)(svelte@3.59.2):
    resolution: {integrity: sha512-Wlq7Z5v2ueCubWo0TZzKc9XHcm7TDxqcuzRuGd0gcENfzfT4JZ9yDlCbEgxWgiPmLHkBjfOtpAWkcT28MCDpUQ==}
    peerDependencies:
      prettier: ^1.16.4 || ^2.0.0
      svelte: ^3.2.0 || ^4.0.0-next.0
    dependencies:
      prettier: 2.8.8
      svelte: 3.59.2
    dev: true

  /prettier-plugin-tailwindcss@0.3.0(prettier-plugin-svelte@2.10.1)(prettier@2.8.8):
    resolution: {integrity: sha512-009/Xqdy7UmkcTBpwlq7jsViDqXAYSOMLDrHAdTMlVZOrKfM2o9Ci7EMWTMZ7SkKBFTG04UM9F9iM2+4i6boDA==}
    engines: {node: '>=12.17.0'}
    peerDependencies:
      '@ianvs/prettier-plugin-sort-imports': '*'
      '@prettier/plugin-pug': '*'
      '@shopify/prettier-plugin-liquid': '*'
      '@shufo/prettier-plugin-blade': '*'
      '@trivago/prettier-plugin-sort-imports': '*'
      prettier: '>=2.2.0'
      prettier-plugin-astro: '*'
      prettier-plugin-css-order: '*'
      prettier-plugin-import-sort: '*'
      prettier-plugin-jsdoc: '*'
      prettier-plugin-marko: '*'
      prettier-plugin-organize-attributes: '*'
      prettier-plugin-organize-imports: '*'
      prettier-plugin-style-order: '*'
      prettier-plugin-svelte: '*'
      prettier-plugin-twig-melody: '*'
    peerDependenciesMeta:
      '@ianvs/prettier-plugin-sort-imports':
        optional: true
      '@prettier/plugin-pug':
        optional: true
      '@shopify/prettier-plugin-liquid':
        optional: true
      '@shufo/prettier-plugin-blade':
        optional: true
      '@trivago/prettier-plugin-sort-imports':
        optional: true
      prettier-plugin-astro:
        optional: true
      prettier-plugin-css-order:
        optional: true
      prettier-plugin-import-sort:
        optional: true
      prettier-plugin-jsdoc:
        optional: true
      prettier-plugin-marko:
        optional: true
      prettier-plugin-organize-attributes:
        optional: true
      prettier-plugin-organize-imports:
        optional: true
      prettier-plugin-style-order:
        optional: true
      prettier-plugin-svelte:
        optional: true
      prettier-plugin-twig-melody:
        optional: true
    dependencies:
      prettier: 2.8.8
      prettier-plugin-svelte: 2.10.1(prettier@2.8.8)(svelte@3.59.2)
    dev: true

  /prettier@2.8.8:
    resolution: {integrity: sha512-tdN8qQGvNjw4CHbY+XXk0JgCXn9QiF21a55rBe5LJAU+kDyC4WQn4+awm2Xfk2lQMk5fKup9XgzTZtGkjBdP9Q==}
    engines: {node: '>=10.13.0'}
    hasBin: true
    dev: true

  /svelte@3.59.2:
    resolution: {integrity: sha512-vzSyuGr3eEoAtT/A6bmajosJZIUWySzY2CzB3w2pgPvnkUjGqlDnsNnA0PMO+mMAhuyMul6C2uuZzY6ELSkzyA==}
    engines: {node: '>= 8'}
    dev: true

  /turbo-darwin-64@1.10.4:
    resolution: {integrity: sha512-oAILq0QZUvOxYZU71SXRsL7DFpqZutPl9CX7+rD48tReHrmhcm3HMeuAFY0S5FD/9fKub04UfAQwVtJSlhvISg==}
    cpu: [x64]
    os: [darwin]
    requiresBuild: true
    dev: true
    optional: true

  /turbo-darwin-arm64@1.10.4:
    resolution: {integrity: sha512-N0XPFLXsZRLE6gKDa5MREpPQp0drOz9PrADaaMXTlspxWS/tmmxyH+ZQ/uGqKC/0mqsNIhZuSFsEVZe1PGaqxw==}
    cpu: [arm64]
    os: [darwin]
    requiresBuild: true
    dev: true
    optional: true

  /turbo-linux-64@1.10.4:
    resolution: {integrity: sha512-S8ZVNCPnrBU+GMKKUWcgg4MaTOdL1reOU1XQtDiHfEPskXjLE+10vr65xJJQb6CqO8ARFXUlFSAUfxZRX6WVNA==}
    cpu: [x64]
    os: [linux]
    requiresBuild: true
    dev: true
    optional: true

  /turbo-linux-arm64@1.10.4:
    resolution: {integrity: sha512-/C6vpo7kd2ae6dR0iZyRuvfjijuixidhwLzV026A+/1gmAMRXYkslBfgOGfoOquHmvqjCeDVTsMWwCY2NRQqtw==}
    cpu: [arm64]
    os: [linux]
    requiresBuild: true
    dev: true
    optional: true

  /turbo-windows-64@1.10.4:
    resolution: {integrity: sha512-fh6X/fJl9gNTu3r7zMmwCychxMlpQMFn32bpioPNIBxrTHCbQYeGSQuw2XWa/RswgNzCY3Xo34emYAKu9btrsw==}
    cpu: [x64]
    os: [win32]
    requiresBuild: true
    dev: true
    optional: true

  /turbo-windows-arm64@1.10.4:
    resolution: {integrity: sha512-KzcKGl+bjwaSkxMNTutuoIM+xPuTBA13zJiC2vFM7fQ6XYM0/ZmUekfoxpMnWgSav8vlTk5tRYaPniLcVzLnTQ==}
    cpu: [arm64]
    os: [win32]
    requiresBuild: true
    dev: true
    optional: true

  /turbo@1.10.4:
    resolution: {integrity: sha512-EVBt762wVGyZAXtp1UWQptRG2N/9TThUJ1tRawvt/pmB62VmdzgDuz80SQYXK5U5yKEID6OJdqAzq8HnIQVA6g==}
    hasBin: true
    requiresBuild: true
    optionalDependencies:
      turbo-darwin-64: 1.10.4
      turbo-darwin-arm64: 1.10.4
      turbo-linux-64: 1.10.4
      turbo-linux-arm64: 1.10.4
      turbo-windows-64: 1.10.4
      turbo-windows-arm64: 1.10.4
    dev: true
